
Microsoft Visual Studio Solution File, Format Version 12.00
# Visual Studio 15
VisualStudioVersion = 15.0.26228.9
MinimumVisualStudioVersion = 10.0.40219.1
Project("{FAE04EC0-301F-11D3-BF4B-00C04F79EFBC}") = "01. Coffee vending machine", "01. Coffee vending machine\01. Coffee vending machine.csproj", "{A37C634F-6818-4FF6-8239-CE41F54A8313}"
EndProject
Project("{FAE04EC0-301F-11D3-BF4B-00C04F79EFBC}") = "02. Durnken numbers", "02. Durnken numbers\02. Durnken numbers.csproj", "{DAE5B22F-3835-4040-949D-E587D5ACF824}"
EndProject
Project("{FAE04EC0-301F-11D3-BF4B-00C04F79EFBC}") = "03. Bulls and cows - NOT COMPLETE", "03. Bulls and cows\03. Bulls and cows - NOT COMPLETE.csproj", "{C3923310-C3A6-4BE3-BBC3-73975249CE15}"
EndProject
Project("{FAE04EC0-301F-11D3-BF4B-00C04F79EFBC}") = "04. Fire", "04. Fire\04. Fire.csproj", "{1D2E3686-E41E-48B2-89AA-961BCF37492D}"
EndProject
Project("{FAE04EC0-301F-11D3-BF4B-00C04F79EFBC}") = "05. Neuron mapping", "05. Neuron mapping\05. Neuron mapping.csproj", "{AE1F5A90-A810-4D8F-9A7D-BC347AAF3F4F}"
EndProject
Global
	GlobalSection(SolutionConfigurationPlatforms) = preSolution
		Debug|Any CPU = Debug|Any CPU
		Release|Any CPU = Release|Any CPU
	EndGlobalSection
	GlobalSection(ProjectConfigurationPlatforms) = postSolution
		{A37C634F-6818-4FF6-8239-CE41F54A8313}.Debug|Any CPU.ActiveCfg = Debug|Any CPU
		{A37C634F-6818-4FF6-8239-CE41F54A8313}.Debug|Any CPU.Build.0 = Debug|Any CPU
		{A37C634F-6818-4FF6-8239-CE41F54A8313}.Release|Any CPU.ActiveCfg = Release|Any CPU
		{A37C634F-6818-4FF6-8239-CE41F54A8313}.Release|Any CPU.Build.0 = Release|Any CPU
		{DAE5B22F-3835-4040-949D-E587D5ACF824}.Debug|Any CPU.ActiveCfg = Debug|Any CPU
		{DAE5B22F-3835-4040-949D-E587D5ACF824}.Debug|Any CPU.Build.0 = Debug|Any CPU
		{DAE5B22F-3835-4040-949D-E587D5ACF824}.Release|Any CPU.ActiveCfg = Release|Any CPU
		{DAE5B22F-3835-4040-949D-E587D5ACF824}.Release|Any CPU.Build.0 = Release|Any CPU
		{C3923310-C3A6-4BE3-BBC3-73975249CE15}.Debug|Any CPU.ActiveCfg = Debug|Any CPU
		{C3923310-C3A6-4BE3-BBC3-73975249CE15}.Debug|Any CPU.Build.0 = Debug|Any CPU
		{C3923310-C3A6-4BE3-BBC3-73975249CE15}.Release|Any CPU.ActiveCfg = Release|Any CPU
		{C3923310-C3A6-4BE3-BBC3-73975249CE15}.Release|Any CPU.Build.0 = Release|Any CPU
		{1D2E3686-E41E-48B2-89AA-961BCF37492D}.Debug|Any CPU.ActiveCfg = Debug|Any CPU
		{1D2E3686-E41E-48B2-89AA-961BCF37492D}.Debug|Any CPU.Build.0 = Debug|Any CPU
		{1D2E3686-E41E-48B2-89AA-961BCF37492D}.Release|Any CPU.ActiveCfg = Release|Any CPU
		{1D2E3686-E41E-48B2-89AA-961BCF37492D}.Release|Any CPU.Build.0 = Release|Any CPU
		{AE1F5A90-A810-4D8F-9A7D-BC347AAF3F4F}.Debug|Any CPU.ActiveCfg = Debug|Any CPU
		{AE1F5A90-A810-4D8F-9A7D-BC347AAF3F4F}.Debug|Any CPU.Build.0 = Debug|Any CPU
		{AE1F5A90-A810-4D8F-9A7D-BC347AAF3F4F}.Release|Any CPU.ActiveCfg = Release|Any CPU
		{AE1F5A90-A810-4D8F-9A7D-BC347AAF3F4F}.Release|Any CPU.Build.0 = Release|Any CPU
	EndGlobalSection
	GlobalSection(SolutionProperties) = preSolution
		HideSolutionNode = FALSE
	EndGlobalSection
EndGlobal
